
Microsoft Visual Studio Solution File, Format Version 12.00
# Visual Studio 14
VisualStudioVersion = 14.0.25123.0
MinimumVisualStudioVersion = 10.0.40219.1
Project("{FAE04EC0-301F-11D3-BF4B-00C04F79EFBC}") = "Queuete", "Queuete\Queuete.csproj", "{C194A68D-4F6D-4A57-B4AA-8A09C4BE9750}"
EndProject
Project("{FAE04EC0-301F-11D3-BF4B-00C04F79EFBC}") = "Queuete.Tests", "Queuete.Tests\Queuete.Tests.csproj", "{83215993-254C-4DFE-8B44-A032553306E8}"
EndProject
Global
	GlobalSection(SolutionConfigurationPlatforms) = preSolution
		Debug|Any CPU = Debug|Any CPU
		Release|Any CPU = Release|Any CPU
	EndGlobalSection
	GlobalSection(ProjectConfigurationPlatforms) = postSolution
		{C194A68D-4F6D-4A57-B4AA-8A09C4BE9750}.Debug|Any CPU.ActiveCfg = Debug|Any CPU
		{C194A68D-4F6D-4A57-B4AA-8A09C4BE9750}.Debug|Any CPU.Build.0 = Debug|Any CPU
		{C194A68D-4F6D-4A57-B4AA-8A09C4BE9750}.Release|Any CPU.ActiveCfg = Release|Any CPU
		{C194A68D-4F6D-4A57-B4AA-8A09C4BE9750}.Release|Any CPU.Build.0 = Release|Any CPU
		{83215993-254C-4DFE-8B44-A032553306E8}.Debug|Any CPU.ActiveCfg = Debug|Any CPU
		{83215993-254C-4DFE-8B44-A032553306E8}.Debug|Any CPU.Build.0 = Debug|Any CPU
		{83215993-254C-4DFE-8B44-A032553306E8}.Release|Any CPU.ActiveCfg = Release|Any CPU
		{83215993-254C-4DFE-8B44-A032553306E8}.Release|Any CPU.Build.0 = Release|Any CPU
	EndGlobalSection
	GlobalSection(SolutionProperties) = preSolution
		HideSolutionNode = FALSE
	EndGlobalSection
EndGlobal
